
Microsoft Visual Studio Solution File, Format Version 12.00
# Visual Studio 2012
Project("{FAE04EC0-301F-11D3-BF4B-00C04F79EFBC}") = "Tic-Tac-Toe Game Project", "Tic-Tac-Toe Game Project\Tic-Tac-Toe Game Project.csproj", "{EBA8E440-2947-4DFC-9640-86CC7EBDD6B0}"
EndProject
Global
	GlobalSection(SolutionConfigurationPlatforms) = preSolution
		Debug|Any CPU = Debug|Any CPU
		Release|Any CPU = Release|Any CPU
	EndGlobalSection
	GlobalSection(ProjectConfigurationPlatforms) = postSolution
		{EBA8E440-2947-4DFC-9640-86CC7EBDD6B0}.Debug|Any CPU.ActiveCfg = Debug|Any CPU
		{EBA8E440-2947-4DFC-9640-86CC7EBDD6B0}.Debug|Any CPU.Build.0 = Debug|Any CPU
		{EBA8E440-2947-4DFC-9640-86CC7EBDD6B0}.Release|Any CPU.ActiveCfg = Release|Any CPU
		{EBA8E440-2947-4DFC-9640-86CC7EBDD6B0}.Release|Any CPU.Build.0 = Release|Any CPU
	EndGlobalSection
	GlobalSection(SolutionProperties) = preSolution
		HideSolutionNode = FALSE
	EndGlobalSection
EndGlobal
